
Microsoft Visual Studio Solution File, Format Version 12.00
# Visual Studio Version 16
VisualStudioVersion = 16.0.29409.12
MinimumVisualStudioVersion = 10.0.40219.1
Project("{9A19103F-16F7-4668-BE54-9A1E7A4F7556}") = "TheSyndicate", "TheSyndicate\TheSyndicate.csproj", "{8AFC22D8-86E1-4F63-A835-E71B7DB7A239}"
EndProject
Project("{FAE04EC0-301F-11D3-BF4B-00C04F79EFBC}") = "TheSyndicateTests", "TheSyndicateTests\TheSyndicateTests.csproj", "{3F5C97AA-8494-42B4-AB6E-BD555D5A5C8F}"
EndProject
Global
	GlobalSection(SolutionConfigurationPlatforms) = preSolution
		Debug|Any CPU = Debug|Any CPU
		Release|Any CPU = Release|Any CPU
	EndGlobalSection
	GlobalSection(ProjectConfigurationPlatforms) = postSolution
		{8AFC22D8-86E1-4F63-A835-E71B7DB7A239}.Debug|Any CPU.ActiveCfg = Debug|Any CPU
		{8AFC22D8-86E1-4F63-A835-E71B7DB7A239}.Debug|Any CPU.Build.0 = Debug|Any CPU
		{8AFC22D8-86E1-4F63-A835-E71B7DB7A239}.Release|Any CPU.ActiveCfg = Release|Any CPU
		{8AFC22D8-86E1-4F63-A835-E71B7DB7A239}.Release|Any CPU.Build.0 = Release|Any CPU
		{3F5C97AA-8494-42B4-AB6E-BD555D5A5C8F}.Debug|Any CPU.ActiveCfg = Debug|Any CPU
		{3F5C97AA-8494-42B4-AB6E-BD555D5A5C8F}.Debug|Any CPU.Build.0 = Debug|Any CPU
		{3F5C97AA-8494-42B4-AB6E-BD555D5A5C8F}.Release|Any CPU.ActiveCfg = Release|Any CPU
		{3F5C97AA-8494-42B4-AB6E-BD555D5A5C8F}.Release|Any CPU.Build.0 = Release|Any CPU
	EndGlobalSection
	GlobalSection(SolutionProperties) = preSolution
		HideSolutionNode = FALSE
	EndGlobalSection
	GlobalSection(ExtensibilityGlobals) = postSolution
		SolutionGuid = {FDEF4910-1734-415D-856C-26EBC7C27CC2}
	EndGlobalSection
EndGlobal
